
Microsoft Visual Studio Solution File, Format Version 12.00
# Visual Studio Version 16
VisualStudioVersion = 16.0.29806.167
MinimumVisualStudioVersion = 10.0.40219.1
Project("{FAE04EC0-301F-11D3-BF4B-00C04F79EFBC}") = "Umbraco.DictionaryBuilder", "Umbraco.DictionayBuilder\Umbraco.DictionaryBuilder.csproj", "{DF6BA6F4-20AB-47B0-BFAA-B37603F98CF9}"
EndProject
Project("{FAE04EC0-301F-11D3-BF4B-00C04F79EFBC}") = "Umbraco.DictionaryBuilder.VueI18N", "Umbraco.DictionaryBuilder.VueI18N\Umbraco.DictionaryBuilder.VueI18N.csproj", "{D47F0C38-0154-4FF3-920A-6EF087E45DA7}"
EndProject
Project("{FAE04EC0-301F-11D3-BF4B-00C04F79EFBC}") = "Umbraco.DictionaryBuilder.Tests", "Umbraco.DictionaryBuilder.Tests\Umbraco.DictionaryBuilder.Tests.csproj", "{0CF0203F-DFDC-4913-9F7E-9916C1F687A9}"
EndProject
Project("{2150E333-8FDC-42A3-9474-1A3956D46DE8}") = "Tests", "Tests", "{3CC1A0E4-7994-4709-AC9C-2AAF1435923D}"
EndProject
Project("{2150E333-8FDC-42A3-9474-1A3956D46DE8}") = ".solution files", ".solution files", "{7E3660F9-8E26-466D-B0BF-45FFDAC4CD65}"
	ProjectSection(SolutionItems) = preProject
		..\build\GenereateDevelopNuGetPackage.cmd = ..\build\GenereateDevelopNuGetPackage.cmd
	EndProjectSection
EndProject
Global
	GlobalSection(SolutionConfigurationPlatforms) = preSolution
		Debug|Any CPU = Debug|Any CPU
		Release|Any CPU = Release|Any CPU
	EndGlobalSection
	GlobalSection(ProjectConfigurationPlatforms) = postSolution
		{DF6BA6F4-20AB-47B0-BFAA-B37603F98CF9}.Debug|Any CPU.ActiveCfg = Debug|Any CPU
		{DF6BA6F4-20AB-47B0-BFAA-B37603F98CF9}.Debug|Any CPU.Build.0 = Debug|Any CPU
		{DF6BA6F4-20AB-47B0-BFAA-B37603F98CF9}.Release|Any CPU.ActiveCfg = Release|Any CPU
		{DF6BA6F4-20AB-47B0-BFAA-B37603F98CF9}.Release|Any CPU.Build.0 = Release|Any CPU
		{D47F0C38-0154-4FF3-920A-6EF087E45DA7}.Debug|Any CPU.ActiveCfg = Debug|Any CPU
		{D47F0C38-0154-4FF3-920A-6EF087E45DA7}.Debug|Any CPU.Build.0 = Debug|Any CPU
		{D47F0C38-0154-4FF3-920A-6EF087E45DA7}.Release|Any CPU.ActiveCfg = Release|Any CPU
		{D47F0C38-0154-4FF3-920A-6EF087E45DA7}.Release|Any CPU.Build.0 = Release|Any CPU
		{0CF0203F-DFDC-4913-9F7E-9916C1F687A9}.Debug|Any CPU.ActiveCfg = Debug|Any CPU
		{0CF0203F-DFDC-4913-9F7E-9916C1F687A9}.Debug|Any CPU.Build.0 = Debug|Any CPU
		{0CF0203F-DFDC-4913-9F7E-9916C1F687A9}.Release|Any CPU.ActiveCfg = Release|Any CPU
		{0CF0203F-DFDC-4913-9F7E-9916C1F687A9}.Release|Any CPU.Build.0 = Release|Any CPU
	EndGlobalSection
	GlobalSection(SolutionProperties) = preSolution
		HideSolutionNode = FALSE
	EndGlobalSection
	GlobalSection(NestedProjects) = preSolution
		{0CF0203F-DFDC-4913-9F7E-9916C1F687A9} = {3CC1A0E4-7994-4709-AC9C-2AAF1435923D}
	EndGlobalSection
	GlobalSection(ExtensibilityGlobals) = postSolution
		SolutionGuid = {6B0032A2-C8DF-4F38-839B-F3F695374673}
	EndGlobalSection
EndGlobal
